# THIS IS AN AUTOGENERATED FILE. DO NOT EDIT THIS FILE DIRECTLY.
# yarn lockfile v1


esbuild@^0.6.33:
  version "0.6.33"
  resolved "https://registry.yarnpkg.com/esbuild/-/esbuild-0.6.33.tgz#13504da1a582b892ae37ea303566d9f419e5a70e"
  integrity sha512-TGf0q04top/0mVst0IzcbgAYc9W1W+ovbrZAHAQSUB2U+lYMu9Fwd8lkGxlhMdnctjEunGBD0qwahJj6k40izA==

servor@^4.0.2:
  version "4.0.2"
  resolved "https://registry.yarnpkg.com/servor/-/servor-4.0.2.tgz#6d5e5c61fbb3d6f4bde72995dbe6745829395971"
  integrity sha512-MlmQ5Ntv4jDYUN060x/KEmN7emvIqKMZ9OkM+nY8Bf2+KkyLmGsTqWLyAN2cZr5oESAcH00UanUyyrlS1LRjFw==
